
Microsoft Visual Studio Solution File, Format Version 12.00
# Visual Studio Version 16
VisualStudioVersion = 16.0.28729.10
MinimumVisualStudioVersion = 10.0.40219.1
Project("{8BC9CEB8-8B4A-11D0-8D11-00A0C91BC942}") = "SnowFight", "SnowFight\SnowFight.vcxproj", "{DF875820-CAC3-4561-A250-1FB3B0338FE1}"
EndProject
Global
	GlobalSection(SolutionConfigurationPlatforms) = preSolution
		Debug|x64 = Debug|x64
		Debug|x86 = Debug|x86
		Release|x64 = Release|x64
		Release|x86 = Release|x86
	EndGlobalSection
	GlobalSection(ProjectConfigurationPlatforms) = postSolution
		{DF875820-CAC3-4561-A250-1FB3B0338FE1}.Debug|x64.ActiveCfg = Debug|x64
		{DF875820-CAC3-4561-A250-1FB3B0338FE1}.Debug|x64.Build.0 = Debug|x64
		{DF875820-CAC3-4561-A250-1FB3B0338FE1}.Debug|x86.ActiveCfg = Debug|Win32
		{DF875820-CAC3-4561-A250-1FB3B0338FE1}.Debug|x86.Build.0 = Debug|Win32
		{DF875820-CAC3-4561-A250-1FB3B0338FE1}.Release|x64.ActiveCfg = Release|x64
		{DF875820-CAC3-4561-A250-1FB3B0338FE1}.Release|x64.Build.0 = Release|x64
		{DF875820-CAC3-4561-A250-1FB3B0338FE1}.Release|x86.ActiveCfg = Release|Win32
		{DF875820-CAC3-4561-A250-1FB3B0338FE1}.Release|x86.Build.0 = Release|Win32
	EndGlobalSection
	GlobalSection(SolutionProperties) = preSolution
		HideSolutionNode = FALSE
	EndGlobalSection
	GlobalSection(ExtensibilityGlobals) = postSolution
		SolutionGuid = {0EEABF88-59F7-4795-BEB0-9445CCDFE763}
	EndGlobalSection
EndGlobal
